{
  "requires": true,
  "lockfileVersion": 1,
  "dependencies": {
    "@shower/core": {
      "version": "3.3.0",
      "resolved": "https://registry.npmjs.org/@shower/core/-/core-3.3.0.tgz",
      "integrity": "sha512-/hyflPS1jdUTuRVOl6h3KcwQnfwnx7SUZOWpDOHkPKaPDdGyWlnGYylTI8giFxNuavYunglAdsrreS1Q0ace8g=="
    },
    "@shower/ribbon": {
      "version": "3.5.0",
      "resolved": "https://registry.npmjs.org/@shower/ribbon/-/ribbon-3.5.0.tgz",
      "integrity": "sha512-Ih99gkV15QlXbMLaCNvAklVawFz8idWrl2gC9ZPKyEUJKPtsiIAK+dd0ru4NZAv+hpXml0wSSC+D6F05Km/Znw=="
    }
  }
}
